// !$*UTF8*$!
{
	archiveVersion = 1;
	classes = {
	};
	objectVersion = 50;
	objects = {

/* Begin PBXBuildFile section */
		2C3ED5102464453C00A87201 /* AppDelegate.swift in Sources */ = {isa = PBXBuildFile; fileRef = 2C3ED50F2464453C00A87201 /* AppDelegate.swift */; };
		2C3ED5122464453C00A87201 /* SceneDelegate.swift in Sources */ = {isa = PBXBuildFile; fileRef = 2C3ED5112464453C00A87201 /* SceneDelegate.swift */; };
		2C3ED5192464453D00A87201 /* Assets.xcassets in Resources */ = {isa = PBXBuildFile; fileRef = 2C3ED5182464453D00A87201 /* Assets.xcassets */; };
		2C3ED51C2464453D00A87201 /* LaunchScreen.storyboard in Resources */ = {isa = PBXBuildFile; fileRef = 2C3ED51A2464453D00A87201 /* LaunchScreen.storyboard */; };
		2C3ED528246446A400A87201 /* SplashMainViewController.swift in Sources */ = {isa = PBXBuildFile; fileRef = 2C3ED527246446A400A87201 /* SplashMainViewController.swift */; };
		2C3ED54A24644A6A00A87201 /* SplashNavigatonController.swift in Sources */ = {isa = PBXBuildFile; fileRef = 2C3ED54924644A6A00A87201 /* SplashNavigatonController.swift */; };
		2C3ED54C24644C9C00A87201 /* Podfile in Resources */ = {isa = PBXBuildFile; fileRef = 2C3ED54B24644C9C00A87201 /* Podfile */; };
		6EEC515CDA36E1AD041A7846 /* Pods_Splash.framework in Frameworks */ = {isa = PBXBuildFile; fileRef = ADE21E0ACA34805B88EE5454 /* Pods_Splash.framework */; };
/* End PBXBuildFile section */

/* Begin PBXFileReference section */
		2C3ED50C2464453C00A87201 /* Splash.app */ = {isa = PBXFileReference; explicitFileType = wrapper.application; includeInIndex = 0; path = Splash.app; sourceTree = BUILT_PRODUCTS_DIR; };
		2C3ED50F2464453C00A87201 /* AppDelegate.swift */ = {isa = PBXFileReference; lastKnownFileType = sourcecode.swift; path = AppDelegate.swift; sourceTree = "<group>"; };
		2C3ED5112464453C00A87201 /* SceneDelegate.swift */ = {isa = PBXFileReference; lastKnownFileType = sourcecode.swift; path = SceneDelegate.swift; sourceTree = "<group>"; };
		2C3ED5182464453D00A87201 /* Assets.xcassets */ = {isa = PBXFileReference; lastKnownFileType = folder.assetcatalog; path = Assets.xcassets; sourceTree = "<group>"; };
		2C3ED51B2464453D00A87201 /* Base */ = {isa = PBXFileReference; lastKnownFileType = file.storyboard; name = Base; path = Base.lproj/LaunchScreen.storyboard; sourceTree = "<group>"; };
		2C3ED51D2464453D00A87201 /* Info.plist */ = {isa = PBXFileReference; lastKnownFileType = text.plist.xml; path = Info.plist; sourceTree = "<group>"; };
		2C3ED527246446A400A87201 /* SplashMainViewController.swift */ = {isa = PBXFileReference; lastKnownFileType = sourcecode.swift; path = SplashMainViewController.swift; sourceTree = "<group>"; };
		2C3ED54924644A6A00A87201 /* SplashNavigatonController.swift */ = {isa = PBXFileReference; lastKnownFileType = sourcecode.swift; path = SplashNavigatonController.swift; sourceTree = "<group>"; };
		2C3ED54B24644C9C00A87201 /* Podfile */ = {isa = PBXFileReference; lastKnownFileType = text; path = Podfile; sourceTree = "<group>"; };
		9EF4F776F3364C64AD5D63B6 /* Pods-Splash.release.xcconfig */ = {isa = PBXFileReference; includeInIndex = 1; lastKnownFileType = text.xcconfig; name = "Pods-Splash.release.xcconfig"; path = "Target Support Files/Pods-Splash/Pods-Splash.release.xcconfig"; sourceTree = "<group>"; };
		ADE21E0ACA34805B88EE5454 /* Pods_Splash.framework */ = {isa = PBXFileReference; explicitFileType = wrapper.framework; includeInIndex = 0; path = Pods_Splash.framework; sourceTree = BUILT_PRODUCTS_DIR; };
		AE3004CA7EC54834FE5F64AE /* Pods-Splash.debug.xcconfig */ = {isa = PBXFileReference; includeInIndex = 1; lastKnownFileType = text.xcconfig; name = "Pods-Splash.debug.xcconfig"; path = "Target Support Files/Pods-Splash/Pods-Splash.debug.xcconfig"; sourceTree = "<group>"; };
/* End PBXFileReference section */

/* Begin PBXFrameworksBuildPhase section */
		2C3ED5092464453C00A87201 /* Frameworks */ = {
			isa = PBXFrameworksBuildPhase;
			buildActionMask = 2147483647;
			files = (
				6EEC515CDA36E1AD041A7846 /* Pods_Splash.framework in Frameworks */,
			);
			runOnlyForDeploymentPostprocessing = 0;
		};
/* End PBXFrameworksBuildPhase section */

/* Begin PBXGroup section */
		27BFFC1EE1BE4554AF27B5B8 /* Pods */ = {
			isa = PBXGroup;
			children = (
				AE3004CA7EC54834FE5F64AE /* Pods-Splash.debug.xcconfig */,
				9EF4F776F3364C64AD5D63B6 /* Pods-Splash.release.xcconfig */,
			);
			name = Pods;
			path = Pods;
			sourceTree = "<group>";
		};
		2C3ED5032464453C00A87201 = {
			isa = PBXGroup;
			children = (
				2C3ED54B24644C9C00A87201 /* Podfile */,
				2C3ED50E2464453C00A87201 /* Splash */,
				2C3ED50D2464453C00A87201 /* Products */,
				27BFFC1EE1BE4554AF27B5B8 /* Pods */,
				550649DBB62457CA4C4027F2 /* Frameworks */,
			);
			sourceTree = "<group>";
		};
		2C3ED50D2464453C00A87201 /* Products */ = {
			isa = PBXGroup;
			children = (
				2C3ED50C2464453C00A87201 /* Splash.app */,
			);
			name = Products;
			sourceTree = "<group>";
		};
		2C3ED50E2464453C00A87201 /* Splash */ = {
			isa = PBXGroup;
			children = (
				2C3ED5252464468400A87201 /* Module */,
				2C3ED5242464459D00A87201 /* Resource */,
				2C3ED5232464457A00A87201 /* AppEntry */,
			);
			path = Splash;
			sourceTree = "<group>";
		};
		2C3ED5232464457A00A87201 /* AppEntry */ = {
			isa = PBXGroup;
			children = (
				2C3ED50F2464453C00A87201 /* AppDelegate.swift */,
				2C3ED5112464453C00A87201 /* SceneDelegate.swift */,
				2C3ED51D2464453D00A87201 /* Info.plist */,
			);
			path = AppEntry;
			sourceTree = "<group>";
		};
		2C3ED5242464459D00A87201 /* Resource */ = {
			isa = PBXGroup;
			children = (
				2C3ED5182464453D00A87201 /* Assets.xcassets */,
				2C3ED51A2464453D00A87201 /* LaunchScreen.storyboard */,
			);
			path = Resource;
			sourceTree = "<group>";
		};
		2C3ED5252464468400A87201 /* Module */ = {
			isa = PBXGroup;
			children = (
				2C3ED5262464468A00A87201 /* Base */,
			);
			path = Module;
			sourceTree = "<group>";
		};
		2C3ED5262464468A00A87201 /* Base */ = {
			isa = PBXGroup;
			children = (
				2C3ED527246446A400A87201 /* SplashMainViewController.swift */,
				2C3ED54924644A6A00A87201 /* SplashNavigatonController.swift */,
			);
			path = Base;
			sourceTree = "<group>";
		};
		550649DBB62457CA4C4027F2 /* Frameworks */ = {
			isa = PBXGroup;
			children = (
				ADE21E0ACA34805B88EE5454 /* Pods_Splash.framework */,
			);
			name = Frameworks;
			sourceTree = "<group>";
		};
/* End PBXGroup section */

/* Begin PBXNativeTarget section */
		2C3ED50B2464453C00A87201 /* Splash */ = {
			isa = PBXNativeTarget;
			buildConfigurationList = 2C3ED5202464453D00A87201 /* Build configuration list for PBXNativeTarget "Splash" */;
			buildPhases = (
				C0D315D662EB7EC7263FB10B /* [CP] Check Pods Manifest.lock */,
				2C3ED5082464453C00A87201 /* Sources */,
				2C3ED5092464453C00A87201 /* Frameworks */,
				2C3ED50A2464453C00A87201 /* Resources */,
				A0409F6579B1F41BFD865B07 /* [CP] Embed Pods Frameworks */,
			);
			buildRules = (
			);
			dependencies = (
			);
			name = Splash;
			productName = Splash;
			productReference = 2C3ED50C2464453C00A87201 /* Splash.app */;
			productType = "com.apple.product-type.application";
		};
/* End PBXNativeTarget section */

/* Begin PBXProject section */
		2C3ED5042464453C00A87201 /* Project object */ = {
			isa = PBXProject;
			attributes = {
				LastSwiftUpdateCheck = 1130;
				LastUpgradeCheck = 1130;
				ORGANIZATIONNAME = Sylar;
				TargetAttributes = {
					2C3ED50B2464453C00A87201 = {
						CreatedOnToolsVersion = 11.3.1;
					};
				};
			};
			buildConfigurationList = 2C3ED5072464453C00A87201 /* Build configuration list for PBXProject "Splash" */;
			compatibilityVersion = "Xcode 9.3";
			developmentRegion = en;
			hasScannedForEncodings = 0;
			knownRegions = (
				en,
				Base,
			);
			mainGroup = 2C3ED5032464453C00A87201;
			productRefGroup = 2C3ED50D2464453C00A87201 /* Products */;
			projectDirPath = "";
			projectRoot = "";
			targets = (
				2C3ED50B2464453C00A87201 /* Splash */,
			);
		};
/* End PBXProject section */

/* Begin PBXResourcesBuildPhase section */
		2C3ED50A2464453C00A87201 /* Resources */ = {
			isa = PBXResourcesBuildPhase;
			buildActionMask = 2147483647;
			files = (
				2C3ED54C24644C9C00A87201 /* Podfile in Resources */,
				2C3ED51C2464453D00A87201 /* LaunchScreen.storyboard in Resources */,
				2C3ED5192464453D00A87201 /* Assets.xcassets in Resources */,
			);
			runOnlyForDeploymentPostprocessing = 0;
		};
/* End PBXResourcesBuildPhase section */

/* Begin PBXShellScriptBuildPhase section */
		A0409F6579B1F41BFD865B07 /* [CP] Embed Pods Frameworks */ = {
			isa = PBXShellScriptBuildPhase;
			buildActionMask = 2147483647;
			files = (
			);
			inputFileListPaths = (
				"${PODS_ROOT}/Target Support Files/Pods-Splash/Pods-Splash-frameworks-${CONFIGURATION}-input-files.xcfilelist",
			);
			name = "[CP] Embed Pods Frameworks";
			outputFileListPaths = (
				"${PODS_ROOT}/Target Support Files/Pods-Splash/Pods-Splash-frameworks-${CONFIGURATION}-output-files.xcfilelist",
			);
			runOnlyForDeploymentPostprocessing = 0;
			shellPath = /bin/sh;
			shellScript = "\"${PODS_ROOT}/Target Support Files/Pods-Splash/Pods-Splash-frameworks.sh\"\n";
			showEnvVarsInLog = 0;
		};
		C0D315D662EB7EC7263FB10B /* [CP] Check Pods Manifest.lock */ = {
			isa = PBXShellScriptBuildPhase;
			buildActionMask = 2147483647;
			files = (
			);
			inputFileListPaths = (
			);
			inputPaths = (
				"${PODS_PODFILE_DIR_PATH}/Podfile.lock",
				"${PODS_ROOT}/Manifest.lock",
			);
			name = "[CP] Check Pods Manifest.lock";
			outputFileListPaths = (
			);
			outputPaths = (
				"$(DERIVED_FILE_DIR)/Pods-Splash-checkManifestLockResult.txt",
			);
			runOnlyForDeploymentPostprocessing = 0;
			shellPath = /bin/sh;
			shellScript = "diff \"${PODS_PODFILE_DIR_PATH}/Podfile.lock\" \"${PODS_ROOT}/Manifest.lock\" > /dev/null\nif [ $? != 0 ] ; then\n    # print error to STDERR\n    echo \"error: The sandbox is not in sync with the Podfile.lock. Run 'pod install' or update your CocoaPods installation.\" >&2\n    exit 1\nfi\n# This output is used by Xcode 'outputs' to avoid re-running this script phase.\necho \"SUCCESS\" > \"${SCRIPT_OUTPUT_FILE_0}\"\n";
			showEnvVarsInLog = 0;
		};
/* End PBXShellScriptBuildPhase section */

/* Begin PBXSourcesBuildPhase section */
		2C3ED5082464453C00A87201 /* Sources */ = {
			isa = PBXSourcesBuildPhase;
			buildActionMask = 2147483647;
			files = (
				2C3ED54A24644A6A00A87201 /* SplashNavigatonController.swift in Sources */,
				2C3ED5102464453C00A87201 /* AppDelegate.swift in Sources */,
				2C3ED528246446A400A87201 /* SplashMainViewController.swift in Sources */,
				2C3ED5122464453C00A87201 /* SceneDelegate.swift in Sources */,
			);
			runOnlyForDeploymentPostprocessing = 0;
		};
/* End PBXSourcesBuildPhase section */

/* Begin PBXVariantGroup section */
		2C3ED51A2464453D00A87201 /* LaunchScreen.storyboard */ = {
			isa = PBXVariantGroup;
			children = (
				2C3ED51B2464453D00A87201 /* Base */,
			);
			name = LaunchScreen.storyboard;
			sourceTree = "<group>";
		};
/* End PBXVariantGroup section */

/* Begin XCBuildConfiguration section */
		2C3ED51E2464453D00A87201 /* Debug */ = {
			isa = XCBuildConfiguration;
			buildSettings = {
				ALWAYS_SEARCH_USER_PATHS = NO;
				CLANG_ANALYZER_NONNULL = YES;
				CLANG_ANALYZER_NUMBER_OBJECT_CONVERSION = YES_AGGRESSIVE;
				CLANG_CXX_LANGUAGE_STANDARD = "gnu++14";
				CLANG_CXX_LIBRARY = "libc++";
				CLANG_ENABLE_MODULES = YES;
				CLANG_ENABLE_OBJC_ARC = YES;
				CLANG_ENABLE_OBJC_WEAK = YES;
				CLANG_WARN_BLOCK_CAPTURE_AUTORELEASING = YES;
				CLANG_WARN_BOOL_CONVERSION = YES;
				CLANG_WARN_COMMA = YES;
				CLANG_WARN_CONSTANT_CONVERSION = YES;
				CLANG_WARN_DEPRECATED_OBJC_IMPLEMENTATIONS = YES;
				CLANG_WARN_DIRECT_OBJC_ISA_USAGE = YES_ERROR;
				CLANG_WARN_DOCUMENTATION_COMMENTS = YES;
				CLANG_WARN_EMPTY_BODY = YES;
				CLANG_WARN_ENUM_CONVERSION = YES;
				CLANG_WARN_INFINITE_RECURSION = YES;
				CLANG_WARN_INT_CONVERSION = YES;
				CLANG_WARN_NON_LITERAL_NULL_CONVERSION = YES;
				CLANG_WARN_OBJC_IMPLICIT_RETAIN_SELF = YES;
				CLANG_WARN_OBJC_LITERAL_CONVERSION = YES;
				CLANG_WARN_OBJC_ROOT_CLASS = YES_ERROR;
				CLANG_WARN_RANGE_LOOP_ANALYSIS = YES;
				CLANG_WARN_STRICT_PROTOTYPES = YES;
				CLANG_WARN_SUSPICIOUS_MOVE = YES;
				CLANG_WARN_UNGUARDED_AVAILABILITY = YES_AGGRESSIVE;
				CLANG_WARN_UNREACHABLE_CODE = YES;
				CLANG_WARN__DUPLICATE_METHOD_MATCH = YES;
				COPY_PHASE_STRIP = NO;
				DEBUG_INFORMATION_FORMAT = dwarf;
				ENABLE_STRICT_OBJC_MSGSEND = YES;
				ENABLE_TESTABILITY = YES;
				GCC_C_LANGUAGE_STANDARD = gnu11;
				GCC_DYNAMIC_NO_PIC = NO;
				GCC_NO_COMMON_BLOCKS = YES;
				GCC_OPTIMIZATION_LEVEL = 0;
				GCC_PREPROCESSOR_DEFINITIONS = (
					"DEBUG=1",
					"$(inherited)",
				);
				GCC_WARN_64_TO_32_BIT_CONVERSION = YES;
				GCC_WARN_ABOUT_RETURN_TYPE = YES_ERROR;
				GCC_WARN_UNDECLARED_SELECTOR = YES;
				GCC_WARN_UNINITIALIZED_AUTOS = YES_AGGRESSIVE;
				GCC_WARN_UNUSED_FUNCTION = YES;
				GCC_WARN_UNUSED_VARIABLE = YES;
				IPHONEOS_DEPLOYMENT_TARGET = 13.2;
				MTL_ENABLE_DEBUG_INFO = INCLUDE_SOURCE;
				MTL_FAST_MATH = YES;
				ONLY_ACTIVE_ARCH = YES;
				SDKROOT = iphoneos;
				SWIFT_ACTIVE_COMPILATION_CONDITIONS = DEBUG;
				SWIFT_OPTIMIZATION_LEVEL = "-Onone";
			};
			name = Debug;
		};
		2C3ED51F2464453D00A87201 /* Release */ = {
			isa = XCBuildConfiguration;
			buildSettings = {
				ALWAYS_SEARCH_USER_PATHS = NO;
				CLANG_ANALYZER_NONNULL = YES;
				CLANG_ANALYZER_NUMBER_OBJECT_CONVERSION = YES_AGGRESSIVE;
				CLANG_CXX_LANGUAGE_STANDARD = "gnu++14";
				CLANG_CXX_LIBRARY = "libc++";
				CLANG_ENABLE_MODULES = YES;
				CLANG_ENABLE_OBJC_ARC = YES;
				CLANG_ENABLE_OBJC_WEAK = YES;
				CLANG_WARN_BLOCK_CAPTURE_AUTORELEASING = YES;
				CLANG_WARN_BOOL_CONVERSION = YES;
				CLANG_WARN_COMMA = YES;
				CLANG_WARN_CONSTANT_CONVERSION = YES;
				CLANG_WARN_DEPRECATED_OBJC_IMPLEMENTATIONS = YES;
				CLANG_WARN_DIRECT_OBJC_ISA_USAGE = YES_ERROR;
				CLANG_WARN_DOCUMENTATION_COMMENTS = YES;
				CLANG_WARN_EMPTY_BODY = YES;
				CLANG_WARN_ENUM_CONVERSION = YES;
				CLANG_WARN_INFINITE_RECURSION = YES;
				CLANG_WARN_INT_CONVERSION = YES;
				CLANG_WARN_NON_LITERAL_NULL_CONVERSION = YES;
				CLANG_WARN_OBJC_IMPLICIT_RETAIN_SELF = YES;
				CLANG_WARN_OBJC_LITERAL_CONVERSION = YES;
				CLANG_WARN_OBJC_ROOT_CLASS = YES_ERROR;
				CLANG_WARN_RANGE_LOOP_ANALYSIS = YES;
				CLANG_WARN_STRICT_PROTOTYPES = YES;
				CLANG_WARN_SUSPICIOUS_MOVE = YES;
				CLANG_WARN_UNGUARDED_AVAILABILITY = YES_AGGRESSIVE;
				CLANG_WARN_UNREACHABLE_CODE = YES;
				CLANG_WARN__DUPLICATE_METHOD_MATCH = YES;
				COPY_PHASE_STRIP = NO;
				DEBUG_INFORMATION_FORMAT = "dwarf-with-dsym";
				ENABLE_NS_ASSERTIONS = NO;
				ENABLE_STRICT_OBJC_MSGSEND = YES;
				GCC_C_LANGUAGE_STANDARD = gnu11;
				GCC_NO_COMMON_BLOCKS = YES;
				GCC_WARN_64_TO_32_BIT_CONVERSION = YES;
				GCC_WARN_ABOUT_RETURN_TYPE = YES_ERROR;
				GCC_WARN_UNDECLARED_SELECTOR = YES;
				GCC_WARN_UNINITIALIZED_AUTOS = YES_AGGRESSIVE;
				GCC_WARN_UNUSED_FUNCTION = YES;
				GCC_WARN_UNUSED_VARIABLE = YES;
				IPHONEOS_DEPLOYMENT_TARGET = 13.2;
				MTL_ENABLE_DEBUG_INFO = NO;
				MTL_FAST_MATH = YES;
				SDKROOT = iphoneos;
				SWIFT_COMPILATION_MODE = wholemodule;
				SWIFT_OPTIMIZATION_LEVEL = "-O";
				VALIDATE_PRODUCT = YES;
			};
			name = Release;
		};
		2C3ED5212464453D00A87201 /* Debug */ = {
			isa = XCBuildConfiguration;
			baseConfigurationReference = AE3004CA7EC54834FE5F64AE /* Pods-Splash.debug.xcconfig */;
			buildSettings = {
				ASSETCATALOG_COMPILER_APPICON_NAME = AppIcon;
				CODE_SIGN_STYLE = Automatic;
				DEVELOPMENT_TEAM = NG779RMVC9;
				INFOPLIST_FILE = Splash/AppEntry/Info.plist;
				LD_RUNPATH_SEARCH_PATHS = (
					"$(inherited)",
					"@executable_path/Frameworks",
				);
				PRODUCT_BUNDLE_IDENTIFIER = com.iSylar.Splash;
				PRODUCT_NAME = "$(TARGET_NAME)";
				SWIFT_VERSION = 5.0;
				TARGETED_DEVICE_FAMILY = "1,2";
			};
			name = Debug;
		};
		2C3ED5222464453D00A87201 /* Release */ = {
			isa = XCBuildConfiguration;
			baseConfigurationReference = 9EF4F776F3364C64AD5D63B6 /* Pods-Splash.release.xcconfig */;
			buildSettings = {
				ASSETCATALOG_COMPILER_APPICON_NAME = AppIcon;
				CODE_SIGN_STYLE = Automatic;
				DEVELOPMENT_TEAM = NG779RMVC9;
				INFOPLIST_FILE = Splash/AppEntry/Info.plist;
				LD_RUNPATH_SEARCH_PATHS = (
					"$(inherited)",
					"@executable_path/Frameworks",
				);
				PRODUCT_BUNDLE_IDENTIFIER = com.iSylar.Splash;
				PRODUCT_NAME = "$(TARGET_NAME)";
				SWIFT_VERSION = 5.0;
				TARGETED_DEVICE_FAMILY = "1,2";
			};
			name = Release;
		};
/* End XCBuildConfiguration section */

/* Begin XCConfigurationList section */
		2C3ED5072464453C00A87201 /* Build configuration list for PBXProject "Splash" */ = {
			isa = XCConfigurationList;
			buildConfigurations = (
				2C3ED51E2464453D00A87201 /* Debug */,
				2C3ED51F2464453D00A87201 /* Release */,
			);
			defaultConfigurationIsVisible = 0;
			defaultConfigurationName = Release;
		};
		2C3ED5202464453D00A87201 /* Build configuration list for PBXNativeTarget "Splash" */ = {
			isa = XCConfigurationList;
			buildConfigurations = (
				2C3ED5212464453D00A87201 /* Debug */,
				2C3ED5222464453D00A87201 /* Release */,
			);
			defaultConfigurationIsVisible = 0;
			defaultConfigurationName = Release;
		};
/* End XCConfigurationList section */
	};
	rootObject = 2C3ED5042464453C00A87201 /* Project object */;
}
